
Microsoft Visual Studio Solution File, Format Version 12.00
# Visual Studio 2013
VisualStudioVersion = 12.0.30501.0
MinimumVisualStudioVersion = 10.0.40219.1
Project("{FAE04EC0-301F-11D3-BF4B-00C04F79EFBC}") = "Guten", "GutenTag\Guten.csproj", "{7E245C1D-E6BF-488E-AC97-7DAB3FAF9AF1}"
EndProject
Project("{FAE04EC0-301F-11D3-BF4B-00C04F79EFBC}") = "Guten.Tests", "GutenTag.Tests\Guten.Tests.csproj", "{EBDE2FE5-6026-434E-AF62-24B4B2B98E1E}"
EndProject
Project("{FAE04EC0-301F-11D3-BF4B-00C04F79EFBC}") = "GutenTag.Web", "GutenTag.Web\GutenTag.Web.csproj", "{9B2839A4-AF69-448D-88C1-8DA86AADFECE}"
EndProject
Global
	GlobalSection(SolutionConfigurationPlatforms) = preSolution
		Debug|Any CPU = Debug|Any CPU
		Release|Any CPU = Release|Any CPU
	EndGlobalSection
	GlobalSection(ProjectConfigurationPlatforms) = postSolution
		{7E245C1D-E6BF-488E-AC97-7DAB3FAF9AF1}.Debug|Any CPU.ActiveCfg = Debug|Any CPU
		{7E245C1D-E6BF-488E-AC97-7DAB3FAF9AF1}.Debug|Any CPU.Build.0 = Debug|Any CPU
		{7E245C1D-E6BF-488E-AC97-7DAB3FAF9AF1}.Release|Any CPU.ActiveCfg = Release|Any CPU
		{7E245C1D-E6BF-488E-AC97-7DAB3FAF9AF1}.Release|Any CPU.Build.0 = Release|Any CPU
		{EBDE2FE5-6026-434E-AF62-24B4B2B98E1E}.Debug|Any CPU.ActiveCfg = Debug|Any CPU
		{EBDE2FE5-6026-434E-AF62-24B4B2B98E1E}.Debug|Any CPU.Build.0 = Debug|Any CPU
		{EBDE2FE5-6026-434E-AF62-24B4B2B98E1E}.Release|Any CPU.ActiveCfg = Release|Any CPU
		{EBDE2FE5-6026-434E-AF62-24B4B2B98E1E}.Release|Any CPU.Build.0 = Release|Any CPU
		{9B2839A4-AF69-448D-88C1-8DA86AADFECE}.Debug|Any CPU.ActiveCfg = Debug|Any CPU
		{9B2839A4-AF69-448D-88C1-8DA86AADFECE}.Debug|Any CPU.Build.0 = Debug|Any CPU
		{9B2839A4-AF69-448D-88C1-8DA86AADFECE}.Release|Any CPU.ActiveCfg = Release|Any CPU
		{9B2839A4-AF69-448D-88C1-8DA86AADFECE}.Release|Any CPU.Build.0 = Release|Any CPU
	EndGlobalSection
	GlobalSection(SolutionProperties) = preSolution
		HideSolutionNode = FALSE
	EndGlobalSection
EndGlobal
