
Microsoft Visual Studio Solution File, Format Version 12.00
# Visual Studio 15
VisualStudioVersion = 15.0.26730.3
MinimumVisualStudioVersion = 10.0.40219.1
Project("{9A19103F-16F7-4668-BE54-9A1E7A4F7556}") = "GutenTag", "GutenTag\GutenTag.csproj", "{920C302C-B578-4B4B-9AC3-A08E60421A50}"
EndProject
Project("{9A19103F-16F7-4668-BE54-9A1E7A4F7556}") = "GutenTag.Tests", "GutenTag.Tests\GutenTag.Tests.csproj", "{AE8FC9BB-821B-4856-A689-217639789F17}"
EndProject
Global
	GlobalSection(SolutionConfigurationPlatforms) = preSolution
		Debug|Any CPU = Debug|Any CPU
		Release|Any CPU = Release|Any CPU
	EndGlobalSection
	GlobalSection(ProjectConfigurationPlatforms) = postSolution
		{920C302C-B578-4B4B-9AC3-A08E60421A50}.Debug|Any CPU.ActiveCfg = Debug|Any CPU
		{920C302C-B578-4B4B-9AC3-A08E60421A50}.Debug|Any CPU.Build.0 = Debug|Any CPU
		{920C302C-B578-4B4B-9AC3-A08E60421A50}.Release|Any CPU.ActiveCfg = Release|Any CPU
		{920C302C-B578-4B4B-9AC3-A08E60421A50}.Release|Any CPU.Build.0 = Release|Any CPU
		{AE8FC9BB-821B-4856-A689-217639789F17}.Debug|Any CPU.ActiveCfg = Debug|Any CPU
		{AE8FC9BB-821B-4856-A689-217639789F17}.Debug|Any CPU.Build.0 = Debug|Any CPU
		{AE8FC9BB-821B-4856-A689-217639789F17}.Release|Any CPU.ActiveCfg = Release|Any CPU
		{AE8FC9BB-821B-4856-A689-217639789F17}.Release|Any CPU.Build.0 = Release|Any CPU
	EndGlobalSection
	GlobalSection(SolutionProperties) = preSolution
		HideSolutionNode = FALSE
	EndGlobalSection
	GlobalSection(ExtensibilityGlobals) = postSolution
		SolutionGuid = {6A2BC973-52B6-4B9B-ACA1-2D68D1E25371}
	EndGlobalSection
EndGlobal
